
Microsoft Visual Studio Solution File, Format Version 12.00
# Visual Studio Version 16
VisualStudioVersion = 25.0.1704.0
MinimumVisualStudioVersion = 10.0.40219.1
Project("{FAE04EC0-301F-11D3-BF4B-00C04F79EFBC}") = "AlkitabAPI", "AlkitabAPI.csproj", "{5D7BCC23-5490-4FD7-B3DB-E9AA4FEB77EC}"
EndProject
Global
	GlobalSection(SolutionConfigurationPlatforms) = preSolution
		Debug|Any CPU = Debug|Any CPU
		Release|Any CPU = Release|Any CPU
	EndGlobalSection
	GlobalSection(ProjectConfigurationPlatforms) = postSolution
		{5D7BCC23-5490-4FD7-B3DB-E9AA4FEB77EC}.Debug|Any CPU.ActiveCfg = Debug|Any CPU
		{5D7BCC23-5490-4FD7-B3DB-E9AA4FEB77EC}.Debug|Any CPU.Build.0 = Debug|Any CPU
		{5D7BCC23-5490-4FD7-B3DB-E9AA4FEB77EC}.Release|Any CPU.ActiveCfg = Release|Any CPU
		{5D7BCC23-5490-4FD7-B3DB-E9AA4FEB77EC}.Release|Any CPU.Build.0 = Release|Any CPU
	EndGlobalSection
	GlobalSection(SolutionProperties) = preSolution
		HideSolutionNode = FALSE
	EndGlobalSection
	GlobalSection(ExtensibilityGlobals) = postSolution
		SolutionGuid = {01B567CD-354C-4840-9021-F873305EED40}
	EndGlobalSection
EndGlobal
